
Microsoft Visual Studio Solution File, Format Version 12.00
# Visual Studio Version 17
VisualStudioVersion = 17.9.34714.143
MinimumVisualStudioVersion = 10.0.40219.1
Project("{FAE04EC0-301F-11D3-BF4B-00C04F79EFBC}") = "lathubaiddnha", "lathubaiddnha\lathubaiddnha.csproj", "{E8C8E358-0406-47A2-92C4-4B7CDA8E67BF}"
EndProject
Global
	GlobalSection(SolutionConfigurationPlatforms) = preSolution
		Debug|Any CPU = Debug|Any CPU
		Release|Any CPU = Release|Any CPU
	EndGlobalSection
	GlobalSection(ProjectConfigurationPlatforms) = postSolution
		{E8C8E358-0406-47A2-92C4-4B7CDA8E67BF}.Debug|Any CPU.ActiveCfg = Debug|Any CPU
		{E8C8E358-0406-47A2-92C4-4B7CDA8E67BF}.Debug|Any CPU.Build.0 = Debug|Any CPU
		{E8C8E358-0406-47A2-92C4-4B7CDA8E67BF}.Release|Any CPU.ActiveCfg = Release|Any CPU
		{E8C8E358-0406-47A2-92C4-4B7CDA8E67BF}.Release|Any CPU.Build.0 = Release|Any CPU
	EndGlobalSection
	GlobalSection(SolutionProperties) = preSolution
		HideSolutionNode = FALSE
	EndGlobalSection
	GlobalSection(ExtensibilityGlobals) = postSolution
		SolutionGuid = {B9E78BEE-A4EF-4BDE-8E9D-7666E95DE484}
	EndGlobalSection
EndGlobal
